// !$*UTF8*$!
{
	archiveVersion = 1;
	classes = {
	};
	objectVersion = 50;
	objects = {

/* Begin PBXBuildFile section */
		FA5E538D217A180A00592CE8 /* AppDelegate.swift in Sources */ = {isa = PBXBuildFile; fileRef = FA5E538C217A180A00592CE8 /* AppDelegate.swift */; };
		FA5E538F217A180A00592CE8 /* ViewController.swift in Sources */ = {isa = PBXBuildFile; fileRef = FA5E538E217A180A00592CE8 /* ViewController.swift */; };
		FA5E5392217A180A00592CE8 /* Main.storyboard in Resources */ = {isa = PBXBuildFile; fileRef = FA5E5390217A180A00592CE8 /* Main.storyboard */; };
		FA5E5395217A180A00592CE8 /* testrepo.xcdatamodeld in Sources */ = {isa = PBXBuildFile; fileRef = FA5E5393217A180A00592CE8 /* testrepo.xcdatamodeld */; };
		FA5E5397217A180C00592CE8 /* Assets.xcassets in Resources */ = {isa = PBXBuildFile; fileRef = FA5E5396217A180C00592CE8 /* Assets.xcassets */; };
		FA5E539A217A180C00592CE8 /* LaunchScreen.storyboard in Resources */ = {isa = PBXBuildFile; fileRef = FA5E5398217A180C00592CE8 /* LaunchScreen.storyboard */; };
		FA5E53A5217A180C00592CE8 /* testrepoTests.swift in Sources */ = {isa = PBXBuildFile; fileRef = FA5E53A4217A180C00592CE8 /* testrepoTests.swift */; };
		FA5E53B0217A180C00592CE8 /* testrepoUITests.swift in Sources */ = {isa = PBXBuildFile; fileRef = FA5E53AF217A180C00592CE8 /* testrepoUITests.swift */; };
/* End PBXBuildFile section */

/* Begin PBXContainerItemProxy section */
		FA5E53A1217A180C00592CE8 /* PBXContainerItemProxy */ = {
			isa = PBXContainerItemProxy;
			containerPortal = FA5E5381217A180A00592CE8 /* Project object */;
			proxyType = 1;
			remoteGlobalIDString = FA5E5388217A180A00592CE8;
			remoteInfo = testrepo;
		};
		FA5E53AC217A180C00592CE8 /* PBXContainerItemProxy */ = {
			isa = PBXContainerItemProxy;
			containerPortal = FA5E5381217A180A00592CE8 /* Project object */;
			proxyType = 1;
			remoteGlobalIDString = FA5E5388217A180A00592CE8;
			remoteInfo = testrepo;
		};
/* End PBXContainerItemProxy section */

/* Begin PBXFileReference section */
		FA5E5389217A180A00592CE8 /* testrepo.app */ = {isa = PBXFileReference; explicitFileType = wrapper.application; includeInIndex = 0; path = testrepo.app; sourceTree = BUILT_PRODUCTS_DIR; };
		FA5E538C217A180A00592CE8 /* AppDelegate.swift */ = {isa = PBXFileReference; lastKnownFileType = sourcecode.swift; path = AppDelegate.swift; sourceTree = "<group>"; };
		FA5E538E217A180A00592CE8 /* ViewController.swift */ = {isa = PBXFileReference; lastKnownFileType = sourcecode.swift; path = ViewController.swift; sourceTree = "<group>"; };
		FA5E5391217A180A00592CE8 /* Base */ = {isa = PBXFileReference; lastKnownFileType = file.storyboard; name = Base; path = Base.lproj/Main.storyboard; sourceTree = "<group>"; };
		FA5E5394217A180A00592CE8 /* testrepo.xcdatamodel */ = {isa = PBXFileReference; lastKnownFileType = wrapper.xcdatamodel; path = testrepo.xcdatamodel; sourceTree = "<group>"; };
		FA5E5396217A180C00592CE8 /* Assets.xcassets */ = {isa = PBXFileReference; lastKnownFileType = folder.assetcatalog; path = Assets.xcassets; sourceTree = "<group>"; };
		FA5E5399217A180C00592CE8 /* Base */ = {isa = PBXFileReference; lastKnownFileType = file.storyboard; name = Base; path = Base.lproj/LaunchScreen.storyboard; sourceTree = "<group>"; };
		FA5E539B217A180C00592CE8 /* Info.plist */ = {isa = PBXFileReference; lastKnownFileType = text.plist.xml; path = Info.plist; sourceTree = "<group>"; };
		FA5E53A0217A180C00592CE8 /* testrepoTests.xctest */ = {isa = PBXFileReference; explicitFileType = wrapper.cfbundle; includeInIndex = 0; path = testrepoTests.xctest; sourceTree = BUILT_PRODUCTS_DIR; };
		FA5E53A4217A180C00592CE8 /* testrepoTests.swift */ = {isa = PBXFileReference; lastKnownFileType = sourcecode.swift; path = testrepoTests.swift; sourceTree = "<group>"; };
		FA5E53A6217A180C00592CE8 /* Info.plist */ = {isa = PBXFileReference; lastKnownFileType = text.plist.xml; path = Info.plist; sourceTree = "<group>"; };
		FA5E53AB217A180C00592CE8 /* testrepoUITests.xctest */ = {isa = PBXFileReference; explicitFileType = wrapper.cfbundle; includeInIndex = 0; path = testrepoUITests.xctest; sourceTree = BUILT_PRODUCTS_DIR; };
		FA5E53AF217A180C00592CE8 /* testrepoUITests.swift */ = {isa = PBXFileReference; lastKnownFileType = sourcecode.swift; path = testrepoUITests.swift; sourceTree = "<group>"; };
		FA5E53B1217A180C00592CE8 /* Info.plist */ = {isa = PBXFileReference; lastKnownFileType = text.plist.xml; path = Info.plist; sourceTree = "<group>"; };
/* End PBXFileReference section */

/* Begin PBXFrameworksBuildPhase section */
		FA5E5386217A180A00592CE8 /* Frameworks */ = {
			isa = PBXFrameworksBuildPhase;
			buildActionMask = 2147483647;
			files = (
			);
			runOnlyForDeploymentPostprocessing = 0;
		};
		FA5E539D217A180C00592CE8 /* Frameworks */ = {
			isa = PBXFrameworksBuildPhase;
			buildActionMask = 2147483647;
			files = (
			);
			runOnlyForDeploymentPostprocessing = 0;
		};
		FA5E53A8217A180C00592CE8 /* Frameworks */ = {
			isa = PBXFrameworksBuildPhase;
			buildActionMask = 2147483647;
			files = (
			);
			runOnlyForDeploymentPostprocessing = 0;
		};
/* End PBXFrameworksBuildPhase section */

/* Begin PBXGroup section */
		FA5E5380217A180A00592CE8 = {
			isa = PBXGroup;
			children = (
				FA5E538B217A180A00592CE8 /* testrepo */,
				FA5E53A3217A180C00592CE8 /* testrepoTests */,
				FA5E53AE217A180C00592CE8 /* testrepoUITests */,
				FA5E538A217A180A00592CE8 /* Products */,
			);
			sourceTree = "<group>";
		};
		FA5E538A217A180A00592CE8 /* Products */ = {
			isa = PBXGroup;
			children = (
				FA5E5389217A180A00592CE8 /* testrepo.app */,
				FA5E53A0217A180C00592CE8 /* testrepoTests.xctest */,
				FA5E53AB217A180C00592CE8 /* testrepoUITests.xctest */,
			);
			name = Products;
			sourceTree = "<group>";
		};
		FA5E538B217A180A00592CE8 /* testrepo */ = {
			isa = PBXGroup;
			children = (
				FA5E538C217A180A00592CE8 /* AppDelegate.swift */,
				FA5E538E217A180A00592CE8 /* ViewController.swift */,
				FA5E5390217A180A00592CE8 /* Main.storyboard */,
				FA5E5396217A180C00592CE8 /* Assets.xcassets */,
				FA5E5398217A180C00592CE8 /* LaunchScreen.storyboard */,
				FA5E539B217A180C00592CE8 /* Info.plist */,
				FA5E5393217A180A00592CE8 /* testrepo.xcdatamodeld */,
			);
			path = testrepo;
			sourceTree = "<group>";
		};
		FA5E53A3217A180C00592CE8 /* testrepoTests */ = {
			isa = PBXGroup;
			children = (
				FA5E53A4217A180C00592CE8 /* testrepoTests.swift */,
				FA5E53A6217A180C00592CE8 /* Info.plist */,
			);
			path = testrepoTests;
			sourceTree = "<group>";
		};
		FA5E53AE217A180C00592CE8 /* testrepoUITests */ = {
			isa = PBXGroup;
			children = (
				FA5E53AF217A180C00592CE8 /* testrepoUITests.swift */,
				FA5E53B1217A180C00592CE8 /* Info.plist */,
			);
			path = testrepoUITests;
			sourceTree = "<group>";
		};
/* End PBXGroup section */

/* Begin PBXNativeTarget section */
		FA5E5388217A180A00592CE8 /* testrepo */ = {
			isa = PBXNativeTarget;
			buildConfigurationList = FA5E53B4217A180C00592CE8 /* Build configuration list for PBXNativeTarget "testrepo" */;
			buildPhases = (
				FA5E5385217A180A00592CE8 /* Sources */,
				FA5E5386217A180A00592CE8 /* Frameworks */,
				FA5E5387217A180A00592CE8 /* Resources */,
			);
			buildRules = (
			);
			dependencies = (
			);
			name = testrepo;
			productName = testrepo;
			productReference = FA5E5389217A180A00592CE8 /* testrepo.app */;
			productType = "com.apple.product-type.application";
		};
		FA5E539F217A180C00592CE8 /* testrepoTests */ = {
			isa = PBXNativeTarget;
			buildConfigurationList = FA5E53B7217A180C00592CE8 /* Build configuration list for PBXNativeTarget "testrepoTests" */;
			buildPhases = (
				FA5E539C217A180C00592CE8 /* Sources */,
				FA5E539D217A180C00592CE8 /* Frameworks */,
				FA5E539E217A180C00592CE8 /* Resources */,
			);
			buildRules = (
			);
			dependencies = (
				FA5E53A2217A180C00592CE8 /* PBXTargetDependency */,
			);
			name = testrepoTests;
			productName = testrepoTests;
			productReference = FA5E53A0217A180C00592CE8 /* testrepoTests.xctest */;
			productType = "com.apple.product-type.bundle.unit-test";
		};
		FA5E53AA217A180C00592CE8 /* testrepoUITests */ = {
			isa = PBXNativeTarget;
			buildConfigurationList = FA5E53BA217A180C00592CE8 /* Build configuration list for PBXNativeTarget "testrepoUITests" */;
			buildPhases = (
				FA5E53A7217A180C00592CE8 /* Sources */,
				FA5E53A8217A180C00592CE8 /* Frameworks */,
				FA5E53A9217A180C00592CE8 /* Resources */,
			);
			buildRules = (
			);
			dependencies = (
				FA5E53AD217A180C00592CE8 /* PBXTargetDependency */,
			);
			name = testrepoUITests;
			productName = testrepoUITests;
			productReference = FA5E53AB217A180C00592CE8 /* testrepoUITests.xctest */;
			productType = "com.apple.product-type.bundle.ui-testing";
		};
/* End PBXNativeTarget section */

/* Begin PBXProject section */
		FA5E5381217A180A00592CE8 /* Project object */ = {
			isa = PBXProject;
			attributes = {
				LastSwiftUpdateCheck = 1000;
				LastUpgradeCheck = 1000;
				ORGANIZATIONNAME = umothi;
				TargetAttributes = {
					FA5E5388217A180A00592CE8 = {
						CreatedOnToolsVersion = 10.0;
					};
					FA5E539F217A180C00592CE8 = {
						CreatedOnToolsVersion = 10.0;
						TestTargetID = FA5E5388217A180A00592CE8;
					};
					FA5E53AA217A180C00592CE8 = {
						CreatedOnToolsVersion = 10.0;
						TestTargetID = FA5E5388217A180A00592CE8;
					};
				};
			};
			buildConfigurationList = FA5E5384217A180A00592CE8 /* Build configuration list for PBXProject "testrepo" */;
			compatibilityVersion = "Xcode 9.3";
			developmentRegion = en;
			hasScannedForEncodings = 0;
			knownRegions = (
				en,
				Base,
			);
			mainGroup = FA5E5380217A180A00592CE8;
			productRefGroup = FA5E538A217A180A00592CE8 /* Products */;
			projectDirPath = "";
			projectRoot = "";
			targets = (
				FA5E5388217A180A00592CE8 /* testrepo */,
				FA5E539F217A180C00592CE8 /* testrepoTests */,
				FA5E53AA217A180C00592CE8 /* testrepoUITests */,
			);
		};
/* End PBXProject section */

/* Begin PBXResourcesBuildPhase section */
		FA5E5387217A180A00592CE8 /* Resources */ = {
			isa = PBXResourcesBuildPhase;
			buildActionMask = 2147483647;
			files = (
				FA5E539A217A180C00592CE8 /* LaunchScreen.storyboard in Resources */,
				FA5E5397217A180C00592CE8 /* Assets.xcassets in Resources */,
				FA5E5392217A180A00592CE8 /* Main.storyboard in Resources */,
			);
			runOnlyForDeploymentPostprocessing = 0;
		};
		FA5E539E217A180C00592CE8 /* Resources */ = {
			isa = PBXResourcesBuildPhase;
			buildActionMask = 2147483647;
			files = (
			);
			runOnlyForDeploymentPostprocessing = 0;
		};
		FA5E53A9217A180C00592CE8 /* Resources */ = {
			isa = PBXResourcesBuildPhase;
			buildActionMask = 2147483647;
			files = (
			);
			runOnlyForDeploymentPostprocessing = 0;
		};
/* End PBXResourcesBuildPhase section */

/* Begin PBXSourcesBuildPhase section */
		FA5E5385217A180A00592CE8 /* Sources */ = {
			isa = PBXSourcesBuildPhase;
			buildActionMask = 2147483647;
			files = (
				FA5E538F217A180A00592CE8 /* ViewController.swift in Sources */,
				FA5E5395217A180A00592CE8 /* testrepo.xcdatamodeld in Sources */,
				FA5E538D217A180A00592CE8 /* AppDelegate.swift in Sources */,
			);
			runOnlyForDeploymentPostprocessing = 0;
		};
		FA5E539C217A180C00592CE8 /* Sources */ = {
			isa = PBXSourcesBuildPhase;
			buildActionMask = 2147483647;
			files = (
				FA5E53A5217A180C00592CE8 /* testrepoTests.swift in Sources */,
			);
			runOnlyForDeploymentPostprocessing = 0;
		};
		FA5E53A7217A180C00592CE8 /* Sources */ = {
			isa = PBXSourcesBuildPhase;
			buildActionMask = 2147483647;
			files = (
				FA5E53B0217A180C00592CE8 /* testrepoUITests.swift in Sources */,
			);
			runOnlyForDeploymentPostprocessing = 0;
		};
/* End PBXSourcesBuildPhase section */

/* Begin PBXTargetDependency section */
		FA5E53A2217A180C00592CE8 /* PBXTargetDependency */ = {
			isa = PBXTargetDependency;
			target = FA5E5388217A180A00592CE8 /* testrepo */;
			targetProxy = FA5E53A1217A180C00592CE8 /* PBXContainerItemProxy */;
		};
		FA5E53AD217A180C00592CE8 /* PBXTargetDependency */ = {
			isa = PBXTargetDependency;
			target = FA5E5388217A180A00592CE8 /* testrepo */;
			targetProxy = FA5E53AC217A180C00592CE8 /* PBXContainerItemProxy */;
		};
/* End PBXTargetDependency section */

/* Begin PBXVariantGroup section */
		FA5E5390217A180A00592CE8 /* Main.storyboard */ = {
			isa = PBXVariantGroup;
			children = (
				FA5E5391217A180A00592CE8 /* Base */,
			);
			name = Main.storyboard;
			sourceTree = "<group>";
		};
		FA5E5398217A180C00592CE8 /* LaunchScreen.storyboard */ = {
			isa = PBXVariantGroup;
			children = (
				FA5E5399217A180C00592CE8 /* Base */,
			);
			name = LaunchScreen.storyboard;
			sourceTree = "<group>";
		};
/* End PBXVariantGroup section */

/* Begin XCBuildConfiguration section */
		FA5E53B2217A180C00592CE8 /* Debug */ = {
			isa = XCBuildConfiguration;
			buildSettings = {
				ALWAYS_SEARCH_USER_PATHS = NO;
				CLANG_ANALYZER_NONNULL = YES;
				CLANG_ANALYZER_NUMBER_OBJECT_CONVERSION = YES_AGGRESSIVE;
				CLANG_CXX_LANGUAGE_STANDARD = "gnu++14";
				CLANG_CXX_LIBRARY = "libc++";
				CLANG_ENABLE_MODULES = YES;
				CLANG_ENABLE_OBJC_ARC = YES;
				CLANG_ENABLE_OBJC_WEAK = YES;
				CLANG_WARN_BLOCK_CAPTURE_AUTORELEASING = YES;
				CLANG_WARN_BOOL_CONVERSION = YES;
				CLANG_WARN_COMMA = YES;
				CLANG_WARN_CONSTANT_CONVERSION = YES;
				CLANG_WARN_DEPRECATED_OBJC_IMPLEMENTATIONS = YES;
				CLANG_WARN_DIRECT_OBJC_ISA_USAGE = YES_ERROR;
				CLANG_WARN_DOCUMENTATION_COMMENTS = YES;
				CLANG_WARN_EMPTY_BODY = YES;
				CLANG_WARN_ENUM_CONVERSION = YES;
				CLANG_WARN_INFINITE_RECURSION = YES;
				CLANG_WARN_INT_CONVERSION = YES;
				CLANG_WARN_NON_LITERAL_NULL_CONVERSION = YES;
				CLANG_WARN_OBJC_IMPLICIT_RETAIN_SELF = YES;
				CLANG_WARN_OBJC_LITERAL_CONVERSION = YES;
				CLANG_WARN_OBJC_ROOT_CLASS = YES_ERROR;
				CLANG_WARN_RANGE_LOOP_ANALYSIS = YES;
				CLANG_WARN_STRICT_PROTOTYPES = YES;
				CLANG_WARN_SUSPICIOUS_MOVE = YES;
				CLANG_WARN_UNGUARDED_AVAILABILITY = YES_AGGRESSIVE;
				CLANG_WARN_UNREACHABLE_CODE = YES;
				CLANG_WARN__DUPLICATE_METHOD_MATCH = YES;
				CODE_SIGN_IDENTITY = "iPhone Developer";
				COPY_PHASE_STRIP = NO;
				DEBUG_INFORMATION_FORMAT = dwarf;
				ENABLE_STRICT_OBJC_MSGSEND = YES;
				ENABLE_TESTABILITY = YES;
				GCC_C_LANGUAGE_STANDARD = gnu11;
				GCC_DYNAMIC_NO_PIC = NO;
				GCC_NO_COMMON_BLOCKS = YES;
				GCC_OPTIMIZATION_LEVEL = 0;
				GCC_PREPROCESSOR_DEFINITIONS = (
					"DEBUG=1",
					"$(inherited)",
				);
				GCC_WARN_64_TO_32_BIT_CONVERSION = YES;
				GCC_WARN_ABOUT_RETURN_TYPE = YES_ERROR;
				GCC_WARN_UNDECLARED_SELECTOR = YES;
				GCC_WARN_UNINITIALIZED_AUTOS = YES_AGGRESSIVE;
				GCC_WARN_UNUSED_FUNCTION = YES;
				GCC_WARN_UNUSED_VARIABLE = YES;
				IPHONEOS_DEPLOYMENT_TARGET = 12.0;
				MTL_ENABLE_DEBUG_INFO = INCLUDE_SOURCE;
				MTL_FAST_MATH = YES;
				ONLY_ACTIVE_ARCH = YES;
				SDKROOT = iphoneos;
				SWIFT_ACTIVE_COMPILATION_CONDITIONS = DEBUG;
				SWIFT_OPTIMIZATION_LEVEL = "-Onone";
			};
			name = Debug;
		};
		FA5E53B3217A180C00592CE8 /* Release */ = {
			isa = XCBuildConfiguration;
			buildSettings = {
				ALWAYS_SEARCH_USER_PATHS = NO;
				CLANG_ANALYZER_NONNULL = YES;
				CLANG_ANALYZER_NUMBER_OBJECT_CONVERSION = YES_AGGRESSIVE;
				CLANG_CXX_LANGUAGE_STANDARD = "gnu++14";
				CLANG_CXX_LIBRARY = "libc++";
				CLANG_ENABLE_MODULES = YES;
				CLANG_ENABLE_OBJC_ARC = YES;
				CLANG_ENABLE_OBJC_WEAK = YES;
				CLANG_WARN_BLOCK_CAPTURE_AUTORELEASING = YES;
				CLANG_WARN_BOOL_CONVERSION = YES;
				CLANG_WARN_COMMA = YES;
				CLANG_WARN_CONSTANT_CONVERSION = YES;
				CLANG_WARN_DEPRECATED_OBJC_IMPLEMENTATIONS = YES;
				CLANG_WARN_DIRECT_OBJC_ISA_USAGE = YES_ERROR;
				CLANG_WARN_DOCUMENTATION_COMMENTS = YES;
				CLANG_WARN_EMPTY_BODY = YES;
				CLANG_WARN_ENUM_CONVERSION = YES;
				CLANG_WARN_INFINITE_RECURSION = YES;
				CLANG_WARN_INT_CONVERSION = YES;
				CLANG_WARN_NON_LITERAL_NULL_CONVERSION = YES;
				CLANG_WARN_OBJC_IMPLICIT_RETAIN_SELF = YES;
				CLANG_WARN_OBJC_LITERAL_CONVERSION = YES;
				CLANG_WARN_OBJC_ROOT_CLASS = YES_ERROR;
				CLANG_WARN_RANGE_LOOP_ANALYSIS = YES;
				CLANG_WARN_STRICT_PROTOTYPES = YES;
				CLANG_WARN_SUSPICIOUS_MOVE = YES;
				CLANG_WARN_UNGUARDED_AVAILABILITY = YES_AGGRESSIVE;
				CLANG_WARN_UNREACHABLE_CODE = YES;
				CLANG_WARN__DUPLICATE_METHOD_MATCH = YES;
				CODE_SIGN_IDENTITY = "iPhone Developer";
				COPY_PHASE_STRIP = NO;
				DEBUG_INFORMATION_FORMAT = "dwarf-with-dsym";
				ENABLE_NS_ASSERTIONS = NO;
				ENABLE_STRICT_OBJC_MSGSEND = YES;
				GCC_C_LANGUAGE_STANDARD = gnu11;
				GCC_NO_COMMON_BLOCKS = YES;
				GCC_WARN_64_TO_32_BIT_CONVERSION = YES;
				GCC_WARN_ABOUT_RETURN_TYPE = YES_ERROR;
				GCC_WARN_UNDECLARED_SELECTOR = YES;
				GCC_WARN_UNINITIALIZED_AUTOS = YES_AGGRESSIVE;
				GCC_WARN_UNUSED_FUNCTION = YES;
				GCC_WARN_UNUSED_VARIABLE = YES;
				IPHONEOS_DEPLOYMENT_TARGET = 12.0;
				MTL_ENABLE_DEBUG_INFO = NO;
				MTL_FAST_MATH = YES;
				SDKROOT = iphoneos;
				SWIFT_COMPILATION_MODE = wholemodule;
				SWIFT_OPTIMIZATION_LEVEL = "-O";
				VALIDATE_PRODUCT = YES;
			};
			name = Release;
		};
		FA5E53B5217A180C00592CE8 /* Debug */ = {
			isa = XCBuildConfiguration;
			buildSettings = {
				ASSETCATALOG_COMPILER_APPICON_NAME = AppIcon;
				CODE_SIGN_STYLE = Automatic;
				INFOPLIST_FILE = testrepo/Info.plist;
				LD_RUNPATH_SEARCH_PATHS = (
					"$(inherited)",
					"@executable_path/Frameworks",
				);
				PRODUCT_BUNDLE_IDENTIFIER = umothi.testrepo;
				PRODUCT_NAME = "$(TARGET_NAME)";
				SWIFT_VERSION = 4.2;
				TARGETED_DEVICE_FAMILY = "1,2";
			};
			name = Debug;
		};
		FA5E53B6217A180C00592CE8 /* Release */ = {
			isa = XCBuildConfiguration;
			buildSettings = {
				ASSETCATALOG_COMPILER_APPICON_NAME = AppIcon;
				CODE_SIGN_STYLE = Automatic;
				INFOPLIST_FILE = testrepo/Info.plist;
				LD_RUNPATH_SEARCH_PATHS = (
					"$(inherited)",
					"@executable_path/Frameworks",
				);
				PRODUCT_BUNDLE_IDENTIFIER = umothi.testrepo;
				PRODUCT_NAME = "$(TARGET_NAME)";
				SWIFT_VERSION = 4.2;
				TARGETED_DEVICE_FAMILY = "1,2";
			};
			name = Release;
		};
		FA5E53B8217A180C00592CE8 /* Debug */ = {
			isa = XCBuildConfiguration;
			buildSettings = {
				ALWAYS_EMBED_SWIFT_STANDARD_LIBRARIES = YES;
				BUNDLE_LOADER = "$(TEST_HOST)";
				CODE_SIGN_STYLE = Automatic;
				INFOPLIST_FILE = testrepoTests/Info.plist;
				LD_RUNPATH_SEARCH_PATHS = (
					"$(inherited)",
					"@executable_path/Frameworks",
					"@loader_path/Frameworks",
				);
				PRODUCT_BUNDLE_IDENTIFIER = umothi.testrepoTests;
				PRODUCT_NAME = "$(TARGET_NAME)";
				SWIFT_VERSION = 4.2;
				TARGETED_DEVICE_FAMILY = "1,2";
				TEST_HOST = "$(BUILT_PRODUCTS_DIR)/testrepo.app/testrepo";
			};
			name = Debug;
		};
		FA5E53B9217A180C00592CE8 /* Release */ = {
			isa = XCBuildConfiguration;
			buildSettings = {
				ALWAYS_EMBED_SWIFT_STANDARD_LIBRARIES = YES;
				BUNDLE_LOADER = "$(TEST_HOST)";
				CODE_SIGN_STYLE = Automatic;
				INFOPLIST_FILE = testrepoTests/Info.plist;
				LD_RUNPATH_SEARCH_PATHS = (
					"$(inherited)",
					"@executable_path/Frameworks",
					"@loader_path/Frameworks",
				);
				PRODUCT_BUNDLE_IDENTIFIER = umothi.testrepoTests;
				PRODUCT_NAME = "$(TARGET_NAME)";
				SWIFT_VERSION = 4.2;
				TARGETED_DEVICE_FAMILY = "1,2";
				TEST_HOST = "$(BUILT_PRODUCTS_DIR)/testrepo.app/testrepo";
			};
			name = Release;
		};
		FA5E53BB217A180C00592CE8 /* Debug */ = {
			isa = XCBuildConfiguration;
			buildSettings = {
				ALWAYS_EMBED_SWIFT_STANDARD_LIBRARIES = YES;
				CODE_SIGN_STYLE = Automatic;
				INFOPLIST_FILE = testrepoUITests/Info.plist;
				LD_RUNPATH_SEARCH_PATHS = (
					"$(inherited)",
					"@executable_path/Frameworks",
					"@loader_path/Frameworks",
				);
				PRODUCT_BUNDLE_IDENTIFIER = umothi.testrepoUITests;
				PRODUCT_NAME = "$(TARGET_NAME)";
				SWIFT_VERSION = 4.2;
				TARGETED_DEVICE_FAMILY = "1,2";
				TEST_TARGET_NAME = testrepo;
			};
			name = Debug;
		};
		FA5E53BC217A180C00592CE8 /* Release */ = {
			isa = XCBuildConfiguration;
			buildSettings = {
				ALWAYS_EMBED_SWIFT_STANDARD_LIBRARIES = YES;
				CODE_SIGN_STYLE = Automatic;
				INFOPLIST_FILE = testrepoUITests/Info.plist;
				LD_RUNPATH_SEARCH_PATHS = (
					"$(inherited)",
					"@executable_path/Frameworks",
					"@loader_path/Frameworks",
				);
				PRODUCT_BUNDLE_IDENTIFIER = umothi.testrepoUITests;
				PRODUCT_NAME = "$(TARGET_NAME)";
				SWIFT_VERSION = 4.2;
				TARGETED_DEVICE_FAMILY = "1,2";
				TEST_TARGET_NAME = testrepo;
			};
			name = Release;
		};
/* End XCBuildConfiguration section */

/* Begin XCConfigurationList section */
		FA5E5384217A180A00592CE8 /* Build configuration list for PBXProject "testrepo" */ = {
			isa = XCConfigurationList;
			buildConfigurations = (
				FA5E53B2217A180C00592CE8 /* Debug */,
				FA5E53B3217A180C00592CE8 /* Release */,
			);
			defaultConfigurationIsVisible = 0;
			defaultConfigurationName = Release;
		};
		FA5E53B4217A180C00592CE8 /* Build configuration list for PBXNativeTarget "testrepo" */ = {
			isa = XCConfigurationList;
			buildConfigurations = (
				FA5E53B5217A180C00592CE8 /* Debug */,
				FA5E53B6217A180C00592CE8 /* Release */,
			);
			defaultConfigurationIsVisible = 0;
			defaultConfigurationName = Release;
		};
		FA5E53B7217A180C00592CE8 /* Build configuration list for PBXNativeTarget "testrepoTests" */ = {
			isa = XCConfigurationList;
			buildConfigurations = (
				FA5E53B8217A180C00592CE8 /* Debug */,
				FA5E53B9217A180C00592CE8 /* Release */,
			);
			defaultConfigurationIsVisible = 0;
			defaultConfigurationName = Release;
		};
		FA5E53BA217A180C00592CE8 /* Build configuration list for PBXNativeTarget "testrepoUITests" */ = {
			isa = XCConfigurationList;
			buildConfigurations = (
				FA5E53BB217A180C00592CE8 /* Debug */,
				FA5E53BC217A180C00592CE8 /* Release */,
			);
			defaultConfigurationIsVisible = 0;
			defaultConfigurationName = Release;
		};
/* End XCConfigurationList section */

/* Begin XCVersionGroup section */
		FA5E5393217A180A00592CE8 /* testrepo.xcdatamodeld */ = {
			isa = XCVersionGroup;
			children = (
				FA5E5394217A180A00592CE8 /* testrepo.xcdatamodel */,
			);
			currentVersion = FA5E5394217A180A00592CE8 /* testrepo.xcdatamodel */;
			path = testrepo.xcdatamodeld;
			sourceTree = "<group>";
			versionGroupType = wrapper.xcdatamodel;
		};
/* End XCVersionGroup section */
	};
	rootObject = FA5E5381217A180A00592CE8 /* Project object */;
}
